
Microsoft Visual Studio Solution File, Format Version 12.00
# Visual Studio Version 16
VisualStudioVersion = 16.0.29306.81
MinimumVisualStudioVersion = 10.0.40219.1
Project("{FAE04EC0-301F-11D3-BF4B-00C04F79EFBC}") = "kostroEugenTreciZadatak12112020", "kostroEugenTreciZadatak12112020\kostroEugenTreciZadatak12112020.csproj", "{EC4F4025-783B-4E8C-A490-CD0CE592C643}"
EndProject
Global
	GlobalSection(SolutionConfigurationPlatforms) = preSolution
		Debug|Any CPU = Debug|Any CPU
		Release|Any CPU = Release|Any CPU
	EndGlobalSection
	GlobalSection(ProjectConfigurationPlatforms) = postSolution
		{EC4F4025-783B-4E8C-A490-CD0CE592C643}.Debug|Any CPU.ActiveCfg = Debug|Any CPU
		{EC4F4025-783B-4E8C-A490-CD0CE592C643}.Debug|Any CPU.Build.0 = Debug|Any CPU
		{EC4F4025-783B-4E8C-A490-CD0CE592C643}.Release|Any CPU.ActiveCfg = Release|Any CPU
		{EC4F4025-783B-4E8C-A490-CD0CE592C643}.Release|Any CPU.Build.0 = Release|Any CPU
	EndGlobalSection
	GlobalSection(SolutionProperties) = preSolution
		HideSolutionNode = FALSE
	EndGlobalSection
	GlobalSection(ExtensibilityGlobals) = postSolution
		SolutionGuid = {A30E71BC-D5BD-492C-9996-218CBE62C134}
	EndGlobalSection
EndGlobal
